// !$*UTF8*$!
{
	archiveVersion = 1;
	classes = {
	};
	objectVersion = 46;
	objects = {

/* Begin PBXBuildFile section */
		630E2FF41D1A4CE10039A1AA /* main.m in Sources */ = {isa = PBXBuildFile; fileRef = 630E2FF31D1A4CE10039A1AA /* main.m */; };
		630E2FF71D1A4CE10039A1AA /* AppDelegate.m in Sources */ = {isa = PBXBuildFile; fileRef = 630E2FF61D1A4CE10039A1AA /* AppDelegate.m */; };
		630E2FFA1D1A4CE10039A1AA /* ViewController.m in Sources */ = {isa = PBXBuildFile; fileRef = 630E2FF91D1A4CE10039A1AA /* ViewController.m */; };
		630E2FFD1D1A4CE10039A1AA /* Main.storyboard in Resources */ = {isa = PBXBuildFile; fileRef = 630E2FFB1D1A4CE10039A1AA /* Main.storyboard */; };
		630E2FFF1D1A4CE10039A1AA /* Assets.xcassets in Resources */ = {isa = PBXBuildFile; fileRef = 630E2FFE1D1A4CE10039A1AA /* Assets.xcassets */; };
		630E30021D1A4CE10039A1AA /* LaunchScreen.storyboard in Resources */ = {isa = PBXBuildFile; fileRef = 630E30001D1A4CE10039A1AA /* LaunchScreen.storyboard */; };
		630E300D1D1A4CE10039A1AA /* ____Tests.m in Sources */ = {isa = PBXBuildFile; fileRef = 630E300C1D1A4CE10039A1AA /* ____Tests.m */; };
		630E30181D1A4CE10039A1AA /* ____UITests.m in Sources */ = {isa = PBXBuildFile; fileRef = 630E30171D1A4CE10039A1AA /* ____UITests.m */; };
		630E30271D1AC44A0039A1AA /* UIImage+LzyImageTint.m in Sources */ = {isa = PBXBuildFile; fileRef = 630E30261D1AC44A0039A1AA /* UIImage+LzyImageTint.m */; };
		631FE7701D1CD236006288C9 /* StarView.m in Sources */ = {isa = PBXBuildFile; fileRef = 631FE76F1D1CD236006288C9 /* StarView.m */; };
/* End PBXBuildFile section */

/* Begin PBXContainerItemProxy section */
		630E30091D1A4CE10039A1AA /* PBXContainerItemProxy */ = {
			isa = PBXContainerItemProxy;
			containerPortal = 630E2FE71D1A4CE10039A1AA /* Project object */;
			proxyType = 1;
			remoteGlobalIDString = 630E2FEE1D1A4CE10039A1AA;
			remoteInfo = "评分设置";
		};
		630E30141D1A4CE10039A1AA /* PBXContainerItemProxy */ = {
			isa = PBXContainerItemProxy;
			containerPortal = 630E2FE71D1A4CE10039A1AA /* Project object */;
			proxyType = 1;
			remoteGlobalIDString = 630E2FEE1D1A4CE10039A1AA;
			remoteInfo = "评分设置";
		};
/* End PBXContainerItemProxy section */

/* Begin PBXFileReference section */
		630E2FEF1D1A4CE10039A1AA /* 评分设置.app */ = {isa = PBXFileReference; explicitFileType = wrapper.application; includeInIndex = 0; path = "评分设置.app"; sourceTree = BUILT_PRODUCTS_DIR; };
		630E2FF31D1A4CE10039A1AA /* main.m */ = {isa = PBXFileReference; lastKnownFileType = sourcecode.c.objc; path = main.m; sourceTree = "<group>"; };
		630E2FF51D1A4CE10039A1AA /* AppDelegate.h */ = {isa = PBXFileReference; lastKnownFileType = sourcecode.c.h; path = AppDelegate.h; sourceTree = "<group>"; };
		630E2FF61D1A4CE10039A1AA /* AppDelegate.m */ = {isa = PBXFileReference; lastKnownFileType = sourcecode.c.objc; path = AppDelegate.m; sourceTree = "<group>"; };
		630E2FF81D1A4CE10039A1AA /* ViewController.h */ = {isa = PBXFileReference; lastKnownFileType = sourcecode.c.h; path = ViewController.h; sourceTree = "<group>"; };
		630E2FF91D1A4CE10039A1AA /* ViewController.m */ = {isa = PBXFileReference; lastKnownFileType = sourcecode.c.objc; path = ViewController.m; sourceTree = "<group>"; };
		630E2FFC1D1A4CE10039A1AA /* Base */ = {isa = PBXFileReference; lastKnownFileType = file.storyboard; name = Base; path = Base.lproj/Main.storyboard; sourceTree = "<group>"; };
		630E2FFE1D1A4CE10039A1AA /* Assets.xcassets */ = {isa = PBXFileReference; lastKnownFileType = folder.assetcatalog; path = Assets.xcassets; sourceTree = "<group>"; };
		630E30011D1A4CE10039A1AA /* Base */ = {isa = PBXFileReference; lastKnownFileType = file.storyboard; name = Base; path = Base.lproj/LaunchScreen.storyboard; sourceTree = "<group>"; };
		630E30031D1A4CE10039A1AA /* Info.plist */ = {isa = PBXFileReference; lastKnownFileType = text.plist.xml; path = Info.plist; sourceTree = "<group>"; };
		630E30081D1A4CE10039A1AA /* 评分设置Tests.xctest */ = {isa = PBXFileReference; explicitFileType = wrapper.cfbundle; includeInIndex = 0; path = "评分设置Tests.xctest"; sourceTree = BUILT_PRODUCTS_DIR; };
		630E300C1D1A4CE10039A1AA /* ____Tests.m */ = {isa = PBXFileReference; lastKnownFileType = sourcecode.c.objc; path = "____Tests.m"; sourceTree = "<group>"; };
		630E300E1D1A4CE10039A1AA /* Info.plist */ = {isa = PBXFileReference; lastKnownFileType = text.plist.xml; path = Info.plist; sourceTree = "<group>"; };
		630E30131D1A4CE10039A1AA /* 评分设置UITests.xctest */ = {isa = PBXFileReference; explicitFileType = wrapper.cfbundle; includeInIndex = 0; path = "评分设置UITests.xctest"; sourceTree = BUILT_PRODUCTS_DIR; };
		630E30171D1A4CE10039A1AA /* ____UITests.m */ = {isa = PBXFileReference; lastKnownFileType = sourcecode.c.objc; path = "____UITests.m"; sourceTree = "<group>"; };
		630E30191D1A4CE10039A1AA /* Info.plist */ = {isa = PBXFileReference; lastKnownFileType = text.plist.xml; path = Info.plist; sourceTree = "<group>"; };
		630E30251D1AC44A0039A1AA /* UIImage+LzyImageTint.h */ = {isa = PBXFileReference; fileEncoding = 4; lastKnownFileType = sourcecode.c.h; path = "UIImage+LzyImageTint.h"; sourceTree = "<group>"; };
		630E30261D1AC44A0039A1AA /* UIImage+LzyImageTint.m */ = {isa = PBXFileReference; fileEncoding = 4; lastKnownFileType = sourcecode.c.objc; path = "UIImage+LzyImageTint.m"; sourceTree = "<group>"; };
		631FE76E1D1CD236006288C9 /* StarView.h */ = {isa = PBXFileReference; fileEncoding = 4; lastKnownFileType = sourcecode.c.h; path = StarView.h; sourceTree = "<group>"; };
		631FE76F1D1CD236006288C9 /* StarView.m */ = {isa = PBXFileReference; fileEncoding = 4; lastKnownFileType = sourcecode.c.objc; path = StarView.m; sourceTree = "<group>"; };
/* End PBXFileReference section */

/* Begin PBXFrameworksBuildPhase section */
		630E2FEC1D1A4CE10039A1AA /* Frameworks */ = {
			isa = PBXFrameworksBuildPhase;
			buildActionMask = 2147483647;
			files = (
			);
			runOnlyForDeploymentPostprocessing = 0;
		};
		630E30051D1A4CE10039A1AA /* Frameworks */ = {
			isa = PBXFrameworksBuildPhase;
			buildActionMask = 2147483647;
			files = (
			);
			runOnlyForDeploymentPostprocessing = 0;
		};
		630E30101D1A4CE10039A1AA /* Frameworks */ = {
			isa = PBXFrameworksBuildPhase;
			buildActionMask = 2147483647;
			files = (
			);
			runOnlyForDeploymentPostprocessing = 0;
		};
/* End PBXFrameworksBuildPhase section */

/* Begin PBXGroup section */
		630E2FE61D1A4CE10039A1AA = {
			isa = PBXGroup;
			children = (
				630E2FF11D1A4CE10039A1AA /* 评分设置 */,
				630E300B1D1A4CE10039A1AA /* 评分设置Tests */,
				630E2FF01D1A4CE10039A1AA /* Products */,
			);
			sourceTree = "<group>";
		};
		630E2FF01D1A4CE10039A1AA /* Products */ = {
			isa = PBXGroup;
			children = (
				630E2FEF1D1A4CE10039A1AA /* 评分设置.app */,
				630E30081D1A4CE10039A1AA /* 评分设置Tests.xctest */,
				630E30131D1A4CE10039A1AA /* 评分设置UITests.xctest */,
			);
			name = Products;
			sourceTree = "<group>";
		};
		630E2FF11D1A4CE10039A1AA /* 评分设置 */ = {
			isa = PBXGroup;
			children = (
				630E2FF51D1A4CE10039A1AA /* AppDelegate.h */,
				630E2FF61D1A4CE10039A1AA /* AppDelegate.m */,
				630E2FF81D1A4CE10039A1AA /* ViewController.h */,
				630E2FF91D1A4CE10039A1AA /* ViewController.m */,
				631FE76E1D1CD236006288C9 /* StarView.h */,
				631FE76F1D1CD236006288C9 /* StarView.m */,
				630E30251D1AC44A0039A1AA /* UIImage+LzyImageTint.h */,
				630E30261D1AC44A0039A1AA /* UIImage+LzyImageTint.m */,
				630E2FFB1D1A4CE10039A1AA /* Main.storyboard */,
				630E2FFE1D1A4CE10039A1AA /* Assets.xcassets */,
				630E30001D1A4CE10039A1AA /* LaunchScreen.storyboard */,
				630E30031D1A4CE10039A1AA /* Info.plist */,
				630E2FF21D1A4CE10039A1AA /* Supporting Files */,
			);
			path = "评分设置";
			sourceTree = "<group>";
		};
		630E2FF21D1A4CE10039A1AA /* Supporting Files */ = {
			isa = PBXGroup;
			children = (
				630E2FF31D1A4CE10039A1AA /* main.m */,
			);
			name = "Supporting Files";
			sourceTree = "<group>";
		};
		630E300B1D1A4CE10039A1AA /* 评分设置Tests */ = {
			isa = PBXGroup;
			children = (
				630E300C1D1A4CE10039A1AA /* ____Tests.m */,
				630E30161D1A4CE10039A1AA /* 评分设置UITests */,
				630E300E1D1A4CE10039A1AA /* Info.plist */,
			);
			path = "评分设置Tests";
			sourceTree = "<group>";
		};
		630E30161D1A4CE10039A1AA /* 评分设置UITests */ = {
			isa = PBXGroup;
			children = (
				630E30171D1A4CE10039A1AA /* ____UITests.m */,
				630E30191D1A4CE10039A1AA /* Info.plist */,
			);
			name = "评分设置UITests";
			path = "../评分设置UITests";
			sourceTree = "<group>";
		};
/* End PBXGroup section */

/* Begin PBXNativeTarget section */
		630E2FEE1D1A4CE10039A1AA /* 评分设置 */ = {
			isa = PBXNativeTarget;
			buildConfigurationList = 630E301C1D1A4CE10039A1AA /* Build configuration list for PBXNativeTarget "评分设置" */;
			buildPhases = (
				630E2FEB1D1A4CE10039A1AA /* Sources */,
				630E2FEC1D1A4CE10039A1AA /* Frameworks */,
				630E2FED1D1A4CE10039A1AA /* Resources */,
			);
			buildRules = (
			);
			dependencies = (
			);
			name = "评分设置";
			productName = "评分设置";
			productReference = 630E2FEF1D1A4CE10039A1AA /* 评分设置.app */;
			productType = "com.apple.product-type.application";
		};
		630E30071D1A4CE10039A1AA /* 评分设置Tests */ = {
			isa = PBXNativeTarget;
			buildConfigurationList = 630E301F1D1A4CE10039A1AA /* Build configuration list for PBXNativeTarget "评分设置Tests" */;
			buildPhases = (
				630E30041D1A4CE10039A1AA /* Sources */,
				630E30051D1A4CE10039A1AA /* Frameworks */,
				630E30061D1A4CE10039A1AA /* Resources */,
			);
			buildRules = (
			);
			dependencies = (
				630E300A1D1A4CE10039A1AA /* PBXTargetDependency */,
			);
			name = "评分设置Tests";
			productName = "评分设置Tests";
			productReference = 630E30081D1A4CE10039A1AA /* 评分设置Tests.xctest */;
			productType = "com.apple.product-type.bundle.unit-test";
		};
		630E30121D1A4CE10039A1AA /* 评分设置UITests */ = {
			isa = PBXNativeTarget;
			buildConfigurationList = 630E30221D1A4CE10039A1AA /* Build configuration list for PBXNativeTarget "评分设置UITests" */;
			buildPhases = (
				630E300F1D1A4CE10039A1AA /* Sources */,
				630E30101D1A4CE10039A1AA /* Frameworks */,
				630E30111D1A4CE10039A1AA /* Resources */,
			);
			buildRules = (
			);
			dependencies = (
				630E30151D1A4CE10039A1AA /* PBXTargetDependency */,
			);
			name = "评分设置UITests";
			productName = "评分设置UITests";
			productReference = 630E30131D1A4CE10039A1AA /* 评分设置UITests.xctest */;
			productType = "com.apple.product-type.bundle.ui-testing";
		};
/* End PBXNativeTarget section */

/* Begin PBXProject section */
		630E2FE71D1A4CE10039A1AA /* Project object */ = {
			isa = PBXProject;
			attributes = {
				LastUpgradeCheck = 0730;
				ORGANIZATIONNAME = Lzy;
				TargetAttributes = {
					630E2FEE1D1A4CE10039A1AA = {
						CreatedOnToolsVersion = 7.3.1;
						DevelopmentTeam = FH9QGTNPTU;
					};
					630E30071D1A4CE10039A1AA = {
						CreatedOnToolsVersion = 7.3.1;
						DevelopmentTeam = FH9QGTNPTU;
						TestTargetID = 630E2FEE1D1A4CE10039A1AA;
					};
					630E30121D1A4CE10039A1AA = {
						CreatedOnToolsVersion = 7.3.1;
						DevelopmentTeam = FH9QGTNPTU;
						TestTargetID = 630E2FEE1D1A4CE10039A1AA;
					};
				};
			};
			buildConfigurationList = 630E2FEA1D1A4CE10039A1AA /* Build configuration list for PBXProject "评分设置" */;
			compatibilityVersion = "Xcode 3.2";
			developmentRegion = English;
			hasScannedForEncodings = 0;
			knownRegions = (
				en,
				Base,
			);
			mainGroup = 630E2FE61D1A4CE10039A1AA;
			productRefGroup = 630E2FF01D1A4CE10039A1AA /* Products */;
			projectDirPath = "";
			projectRoot = "";
			targets = (
				630E2FEE1D1A4CE10039A1AA /* 评分设置 */,
				630E30071D1A4CE10039A1AA /* 评分设置Tests */,
				630E30121D1A4CE10039A1AA /* 评分设置UITests */,
			);
		};
/* End PBXProject section */

/* Begin PBXResourcesBuildPhase section */
		630E2FED1D1A4CE10039A1AA /* Resources */ = {
			isa = PBXResourcesBuildPhase;
			buildActionMask = 2147483647;
			files = (
				630E30021D1A4CE10039A1AA /* LaunchScreen.storyboard in Resources */,
				630E2FFF1D1A4CE10039A1AA /* Assets.xcassets in Resources */,
				630E2FFD1D1A4CE10039A1AA /* Main.storyboard in Resources */,
			);
			runOnlyForDeploymentPostprocessing = 0;
		};
		630E30061D1A4CE10039A1AA /* Resources */ = {
			isa = PBXResourcesBuildPhase;
			buildActionMask = 2147483647;
			files = (
			);
			runOnlyForDeploymentPostprocessing = 0;
		};
		630E30111D1A4CE10039A1AA /* Resources */ = {
			isa = PBXResourcesBuildPhase;
			buildActionMask = 2147483647;
			files = (
			);
			runOnlyForDeploymentPostprocessing = 0;
		};
/* End PBXResourcesBuildPhase section */

/* Begin PBXSourcesBuildPhase section */
		630E2FEB1D1A4CE10039A1AA /* Sources */ = {
			isa = PBXSourcesBuildPhase;
			buildActionMask = 2147483647;
			files = (
				630E2FFA1D1A4CE10039A1AA /* ViewController.m in Sources */,
				630E2FF71D1A4CE10039A1AA /* AppDelegate.m in Sources */,
				630E30271D1AC44A0039A1AA /* UIImage+LzyImageTint.m in Sources */,
				631FE7701D1CD236006288C9 /* StarView.m in Sources */,
				630E2FF41D1A4CE10039A1AA /* main.m in Sources */,
			);
			runOnlyForDeploymentPostprocessing = 0;
		};
		630E30041D1A4CE10039A1AA /* Sources */ = {
			isa = PBXSourcesBuildPhase;
			buildActionMask = 2147483647;
			files = (
				630E300D1D1A4CE10039A1AA /* ____Tests.m in Sources */,
			);
			runOnlyForDeploymentPostprocessing = 0;
		};
		630E300F1D1A4CE10039A1AA /* Sources */ = {
			isa = PBXSourcesBuildPhase;
			buildActionMask = 2147483647;
			files = (
				630E30181D1A4CE10039A1AA /* ____UITests.m in Sources */,
			);
			runOnlyForDeploymentPostprocessing = 0;
		};
/* End PBXSourcesBuildPhase section */

/* Begin PBXTargetDependency section */
		630E300A1D1A4CE10039A1AA /* PBXTargetDependency */ = {
			isa = PBXTargetDependency;
			target = 630E2FEE1D1A4CE10039A1AA /* 评分设置 */;
			targetProxy = 630E30091D1A4CE10039A1AA /* PBXContainerItemProxy */;
		};
		630E30151D1A4CE10039A1AA /* PBXTargetDependency */ = {
			isa = PBXTargetDependency;
			target = 630E2FEE1D1A4CE10039A1AA /* 评分设置 */;
			targetProxy = 630E30141D1A4CE10039A1AA /* PBXContainerItemProxy */;
		};
/* End PBXTargetDependency section */

/* Begin PBXVariantGroup section */
		630E2FFB1D1A4CE10039A1AA /* Main.storyboard */ = {
			isa = PBXVariantGroup;
			children = (
				630E2FFC1D1A4CE10039A1AA /* Base */,
			);
			name = Main.storyboard;
			sourceTree = "<group>";
		};
		630E30001D1A4CE10039A1AA /* LaunchScreen.storyboard */ = {
			isa = PBXVariantGroup;
			children = (
				630E30011D1A4CE10039A1AA /* Base */,
			);
			name = LaunchScreen.storyboard;
			sourceTree = "<group>";
		};
/* End PBXVariantGroup section */

/* Begin XCBuildConfiguration section */
		630E301A1D1A4CE10039A1AA /* Debug */ = {
			isa = XCBuildConfiguration;
			buildSettings = {
				ALWAYS_SEARCH_USER_PATHS = NO;
				CLANG_ANALYZER_NONNULL = YES;
				CLANG_CXX_LANGUAGE_STANDARD = "gnu++0x";
				CLANG_CXX_LIBRARY = "libc++";
				CLANG_ENABLE_MODULES = YES;
				CLANG_ENABLE_OBJC_ARC = YES;
				CLANG_WARN_BOOL_CONVERSION = YES;
				CLANG_WARN_CONSTANT_CONVERSION = YES;
				CLANG_WARN_DIRECT_OBJC_ISA_USAGE = YES_ERROR;
				CLANG_WARN_EMPTY_BODY = YES;
				CLANG_WARN_ENUM_CONVERSION = YES;
				CLANG_WARN_INT_CONVERSION = YES;
				CLANG_WARN_OBJC_ROOT_CLASS = YES_ERROR;
				CLANG_WARN_UNREACHABLE_CODE = YES;
				CLANG_WARN__DUPLICATE_METHOD_MATCH = YES;
				"CODE_SIGN_IDENTITY[sdk=iphoneos*]" = "iPhone Developer";
				COPY_PHASE_STRIP = NO;
				DEBUG_INFORMATION_FORMAT = dwarf;
				ENABLE_STRICT_OBJC_MSGSEND = YES;
				ENABLE_TESTABILITY = YES;
				GCC_C_LANGUAGE_STANDARD = gnu99;
				GCC_DYNAMIC_NO_PIC = NO;
				GCC_NO_COMMON_BLOCKS = YES;
				GCC_OPTIMIZATION_LEVEL = 0;
				GCC_PREPROCESSOR_DEFINITIONS = (
					"DEBUG=1",
					"$(inherited)",
				);
				GCC_WARN_64_TO_32_BIT_CONVERSION = YES;
				GCC_WARN_ABOUT_RETURN_TYPE = YES_ERROR;
				GCC_WARN_UNDECLARED_SELECTOR = YES;
				GCC_WARN_UNINITIALIZED_AUTOS = YES_AGGRESSIVE;
				GCC_WARN_UNUSED_FUNCTION = YES;
				GCC_WARN_UNUSED_VARIABLE = YES;
				IPHONEOS_DEPLOYMENT_TARGET = 9.3;
				MTL_ENABLE_DEBUG_INFO = YES;
				ONLY_ACTIVE_ARCH = YES;
				SDKROOT = iphoneos;
				TARGETED_DEVICE_FAMILY = "1,2";
			};
			name = Debug;
		};
		630E301B1D1A4CE10039A1AA /* Release */ = {
			isa = XCBuildConfiguration;
			buildSettings = {
				ALWAYS_SEARCH_USER_PATHS = NO;
				CLANG_ANALYZER_NONNULL = YES;
				CLANG_CXX_LANGUAGE_STANDARD = "gnu++0x";
				CLANG_CXX_LIBRARY = "libc++";
				CLANG_ENABLE_MODULES = YES;
				CLANG_ENABLE_OBJC_ARC = YES;
				CLANG_WARN_BOOL_CONVERSION = YES;
				CLANG_WARN_CONSTANT_CONVERSION = YES;
				CLANG_WARN_DIRECT_OBJC_ISA_USAGE = YES_ERROR;
				CLANG_WARN_EMPTY_BODY = YES;
				CLANG_WARN_ENUM_CONVERSION = YES;
				CLANG_WARN_INT_CONVERSION = YES;
				CLANG_WARN_OBJC_ROOT_CLASS = YES_ERROR;
				CLANG_WARN_UNREACHABLE_CODE = YES;
				CLANG_WARN__DUPLICATE_METHOD_MATCH = YES;
				"CODE_SIGN_IDENTITY[sdk=iphoneos*]" = "iPhone Developer";
				COPY_PHASE_STRIP = NO;
				DEBUG_INFORMATION_FORMAT = "dwarf-with-dsym";
				ENABLE_NS_ASSERTIONS = NO;
				ENABLE_STRICT_OBJC_MSGSEND = YES;
				GCC_C_LANGUAGE_STANDARD = gnu99;
				GCC_NO_COMMON_BLOCKS = YES;
				GCC_WARN_64_TO_32_BIT_CONVERSION = YES;
				GCC_WARN_ABOUT_RETURN_TYPE = YES_ERROR;
				GCC_WARN_UNDECLARED_SELECTOR = YES;
				GCC_WARN_UNINITIALIZED_AUTOS = YES_AGGRESSIVE;
				GCC_WARN_UNUSED_FUNCTION = YES;
				GCC_WARN_UNUSED_VARIABLE = YES;
				IPHONEOS_DEPLOYMENT_TARGET = 9.3;
				MTL_ENABLE_DEBUG_INFO = NO;
				SDKROOT = iphoneos;
				TARGETED_DEVICE_FAMILY = "1,2";
				VALIDATE_PRODUCT = YES;
			};
			name = Release;
		};
		630E301D1D1A4CE10039A1AA /* Debug */ = {
			isa = XCBuildConfiguration;
			buildSettings = {
				ASSETCATALOG_COMPILER_APPICON_NAME = AppIcon;
				INFOPLIST_FILE = "评分设置/Info.plist";
				LD_RUNPATH_SEARCH_PATHS = "$(inherited) @executable_path/Frameworks";
				PRODUCT_BUNDLE_IDENTIFIER = "LzyCode.----";
				PRODUCT_NAME = "$(TARGET_NAME)";
			};
			name = Debug;
		};
		630E301E1D1A4CE10039A1AA /* Release */ = {
			isa = XCBuildConfiguration;
			buildSettings = {
				ASSETCATALOG_COMPILER_APPICON_NAME = AppIcon;
				INFOPLIST_FILE = "评分设置/Info.plist";
				LD_RUNPATH_SEARCH_PATHS = "$(inherited) @executable_path/Frameworks";
				PRODUCT_BUNDLE_IDENTIFIER = "LzyCode.----";
				PRODUCT_NAME = "$(TARGET_NAME)";
			};
			name = Release;
		};
		630E30201D1A4CE10039A1AA /* Debug */ = {
			isa = XCBuildConfiguration;
			buildSettings = {
				BUNDLE_LOADER = "$(TEST_HOST)";
				INFOPLIST_FILE = "评分设置Tests/Info.plist";
				LD_RUNPATH_SEARCH_PATHS = "$(inherited) @executable_path/Frameworks @loader_path/Frameworks";
				PRODUCT_BUNDLE_IDENTIFIER = "LzyCode.----Tests";
				PRODUCT_NAME = "$(TARGET_NAME)";
				TEST_HOST = "$(BUILT_PRODUCTS_DIR)/评分设置.app/评分设置";
			};
			name = Debug;
		};
		630E30211D1A4CE10039A1AA /* Release */ = {
			isa = XCBuildConfiguration;
			buildSettings = {
				BUNDLE_LOADER = "$(TEST_HOST)";
				INFOPLIST_FILE = "评分设置Tests/Info.plist";
				LD_RUNPATH_SEARCH_PATHS = "$(inherited) @executable_path/Frameworks @loader_path/Frameworks";
				PRODUCT_BUNDLE_IDENTIFIER = "LzyCode.----Tests";
				PRODUCT_NAME = "$(TARGET_NAME)";
				TEST_HOST = "$(BUILT_PRODUCTS_DIR)/评分设置.app/评分设置";
			};
			name = Release;
		};
		630E30231D1A4CE10039A1AA /* Debug */ = {
			isa = XCBuildConfiguration;
			buildSettings = {
				INFOPLIST_FILE = "评分设置UITests/Info.plist";
				LD_RUNPATH_SEARCH_PATHS = "$(inherited) @executable_path/Frameworks @loader_path/Frameworks";
				PRODUCT_BUNDLE_IDENTIFIER = "LzyCode.----UITests";
				PRODUCT_NAME = "$(TARGET_NAME)";
				TEST_TARGET_NAME = "评分设置";
			};
			name = Debug;
		};
		630E30241D1A4CE10039A1AA /* Release */ = {
			isa = XCBuildConfiguration;
			buildSettings = {
				INFOPLIST_FILE = "评分设置UITests/Info.plist";
				LD_RUNPATH_SEARCH_PATHS = "$(inherited) @executable_path/Frameworks @loader_path/Frameworks";
				PRODUCT_BUNDLE_IDENTIFIER = "LzyCode.----UITests";
				PRODUCT_NAME = "$(TARGET_NAME)";
				TEST_TARGET_NAME = "评分设置";
			};
			name = Release;
		};
/* End XCBuildConfiguration section */

/* Begin XCConfigurationList section */
		630E2FEA1D1A4CE10039A1AA /* Build configuration list for PBXProject "评分设置" */ = {
			isa = XCConfigurationList;
			buildConfigurations = (
				630E301A1D1A4CE10039A1AA /* Debug */,
				630E301B1D1A4CE10039A1AA /* Release */,
			);
			defaultConfigurationIsVisible = 0;
			defaultConfigurationName = Release;
		};
		630E301C1D1A4CE10039A1AA /* Build configuration list for PBXNativeTarget "评分设置" */ = {
			isa = XCConfigurationList;
			buildConfigurations = (
				630E301D1D1A4CE10039A1AA /* Debug */,
				630E301E1D1A4CE10039A1AA /* Release */,
			);
			defaultConfigurationIsVisible = 0;
			defaultConfigurationName = Release;
		};
		630E301F1D1A4CE10039A1AA /* Build configuration list for PBXNativeTarget "评分设置Tests" */ = {
			isa = XCConfigurationList;
			buildConfigurations = (
				630E30201D1A4CE10039A1AA /* Debug */,
				630E30211D1A4CE10039A1AA /* Release */,
			);
			defaultConfigurationIsVisible = 0;
			defaultConfigurationName = Release;
		};
		630E30221D1A4CE10039A1AA /* Build configuration list for PBXNativeTarget "评分设置UITests" */ = {
			isa = XCConfigurationList;
			buildConfigurations = (
				630E30231D1A4CE10039A1AA /* Debug */,
				630E30241D1A4CE10039A1AA /* Release */,
			);
			defaultConfigurationIsVisible = 0;
			defaultConfigurationName = Release;
		};
/* End XCConfigurationList section */
	};
	rootObject = 630E2FE71D1A4CE10039A1AA /* Project object */;
}
